
Microsoft Visual Studio Solution File, Format Version 12.00
# Visual Studio Version 17
VisualStudioVersion = 17.13.35617.110
MinimumVisualStudioVersion = 10.0.40219.1
Project("{FAE04EC0-301F-11D3-BF4B-00C04F79EFBC}") = "ChatBotClient", "ChatBotClient.csproj", "{674CE277-8350-40AA-925B-4548A61C14EB}"
EndProject
Global
	GlobalSection(SolutionConfigurationPlatforms) = preSolution
		Debug|Any CPU = Debug|Any CPU
		Release|Any CPU = Release|Any CPU
	EndGlobalSection
	GlobalSection(ProjectConfigurationPlatforms) = postSolution
		{674CE277-8350-40AA-925B-4548A61C14EB}.Debug|Any CPU.ActiveCfg = Debug|Any CPU
		{674CE277-8350-40AA-925B-4548A61C14EB}.Debug|Any CPU.Build.0 = Debug|Any CPU
		{674CE277-8350-40AA-925B-4548A61C14EB}.Release|Any CPU.ActiveCfg = Release|Any CPU
		{674CE277-8350-40AA-925B-4548A61C14EB}.Release|Any CPU.Build.0 = Release|Any CPU
	EndGlobalSection
	GlobalSection(SolutionProperties) = preSolution
		HideSolutionNode = FALSE
	EndGlobalSection
	GlobalSection(ExtensibilityGlobals) = postSolution
		SolutionGuid = {48F7A9D4-B1EC-46C0-A5EA-57CF5B9A306C}
	EndGlobalSection
EndGlobal
